// !$*UTF8*$!
{
	archiveVersion = 1;
	classes = {
	};
	objectVersion = 50;
	objects = {

/* Begin PBXBuildFile section */
		026E3436221BE881008A8531 /* Common.swift in Sources */ = {isa = PBXBuildFile; fileRef = 026E3435221BE881008A8531 /* Common.swift */; };
		02F1927E22155A980090D5EB /* AppDelegate.swift in Sources */ = {isa = PBXBuildFile; fileRef = 02F1927D22155A980090D5EB /* AppDelegate.swift */; };
		02F1928022155A980090D5EB /* ViewController.swift in Sources */ = {isa = PBXBuildFile; fileRef = 02F1927F22155A980090D5EB /* ViewController.swift */; };
		02F1928322155A980090D5EB /* Main.storyboard in Resources */ = {isa = PBXBuildFile; fileRef = 02F1928122155A980090D5EB /* Main.storyboard */; };
		02F1928522155A9D0090D5EB /* Assets.xcassets in Resources */ = {isa = PBXBuildFile; fileRef = 02F1928422155A9D0090D5EB /* Assets.xcassets */; };
		44A2E536C86C0C9A509BF9EE /* Pods_xxHashDemo_tvOS.framework in Frameworks */ = {isa = PBXBuildFile; fileRef = 8C69FBB30E41BD6F5B100B77 /* Pods_xxHashDemo_tvOS.framework */; };
		7E0D892522198A480051B7D9 /* alice29.txt in Resources */ = {isa = PBXBuildFile; fileRef = 7E0D892422198A480051B7D9 /* alice29.txt */; };
/* End PBXBuildFile section */

/* Begin PBXFileReference section */
		026E3435221BE881008A8531 /* Common.swift */ = {isa = PBXFileReference; fileEncoding = 4; lastKnownFileType = sourcecode.swift; name = Common.swift; path = ../../Common.swift; sourceTree = "<group>"; };
		02F1927A22155A980090D5EB /* xxHashDemo-tvOS.app */ = {isa = PBXFileReference; explicitFileType = wrapper.application; includeInIndex = 0; path = "xxHashDemo-tvOS.app"; sourceTree = BUILT_PRODUCTS_DIR; };
		02F1927D22155A980090D5EB /* AppDelegate.swift */ = {isa = PBXFileReference; lastKnownFileType = sourcecode.swift; path = AppDelegate.swift; sourceTree = "<group>"; };
		02F1927F22155A980090D5EB /* ViewController.swift */ = {isa = PBXFileReference; lastKnownFileType = sourcecode.swift; path = ViewController.swift; sourceTree = "<group>"; };
		02F1928222155A980090D5EB /* Base */ = {isa = PBXFileReference; lastKnownFileType = file.storyboard; name = Base; path = Base.lproj/Main.storyboard; sourceTree = "<group>"; };
		02F1928422155A9D0090D5EB /* Assets.xcassets */ = {isa = PBXFileReference; lastKnownFileType = folder.assetcatalog; path = Assets.xcassets; sourceTree = "<group>"; };
		02F1928622155A9D0090D5EB /* Info.plist */ = {isa = PBXFileReference; lastKnownFileType = text.plist.xml; path = Info.plist; sourceTree = "<group>"; };
		2478ABA18152CB43FE4BEE88 /* Pods-xxHashDemo-tvOS.release.xcconfig */ = {isa = PBXFileReference; includeInIndex = 1; lastKnownFileType = text.xcconfig; name = "Pods-xxHashDemo-tvOS.release.xcconfig"; path = "Target Support Files/Pods-xxHashDemo-tvOS/Pods-xxHashDemo-tvOS.release.xcconfig"; sourceTree = "<group>"; };
		34215CDA5C845FD450DC5D50 /* Pods-xxHashDemo-tvOS.debug.xcconfig */ = {isa = PBXFileReference; includeInIndex = 1; lastKnownFileType = text.xcconfig; name = "Pods-xxHashDemo-tvOS.debug.xcconfig"; path = "Target Support Files/Pods-xxHashDemo-tvOS/Pods-xxHashDemo-tvOS.debug.xcconfig"; sourceTree = "<group>"; };
		7E0D892422198A480051B7D9 /* alice29.txt */ = {isa = PBXFileReference; fileEncoding = 4; lastKnownFileType = text; path = alice29.txt; sourceTree = "<group>"; };
		8C69FBB30E41BD6F5B100B77 /* Pods_xxHashDemo_tvOS.framework */ = {isa = PBXFileReference; explicitFileType = wrapper.framework; includeInIndex = 0; path = Pods_xxHashDemo_tvOS.framework; sourceTree = BUILT_PRODUCTS_DIR; };
/* End PBXFileReference section */

/* Begin PBXFrameworksBuildPhase section */
		02F1927722155A980090D5EB /* Frameworks */ = {
			isa = PBXFrameworksBuildPhase;
			buildActionMask = 2147483647;
			files = (
				44A2E536C86C0C9A509BF9EE /* Pods_xxHashDemo_tvOS.framework in Frameworks */,
			);
			runOnlyForDeploymentPostprocessing = 0;
		};
/* End PBXFrameworksBuildPhase section */

/* Begin PBXGroup section */
		02F1927122155A980090D5EB = {
			isa = PBXGroup;
			children = (
				02F1927C22155A980090D5EB /* xxHashDemo-tvOS */,
				02F1927B22155A980090D5EB /* Products */,
				B601A9D99DB63056B9548B69 /* Pods */,
				44A7C313F87E9A2E6BEA1032 /* Frameworks */,
			);
			sourceTree = "<group>";
		};
		02F1927B22155A980090D5EB /* Products */ = {
			isa = PBXGroup;
			children = (
				02F1927A22155A980090D5EB /* xxHashDemo-tvOS.app */,
			);
			name = Products;
			sourceTree = "<group>";
		};
		02F1927C22155A980090D5EB /* xxHashDemo-tvOS */ = {
			isa = PBXGroup;
			children = (
				026E3435221BE881008A8531 /* Common.swift */,
				02F1927D22155A980090D5EB /* AppDelegate.swift */,
				02F1927F22155A980090D5EB /* ViewController.swift */,
				02F1928122155A980090D5EB /* Main.storyboard */,
				02F1928422155A9D0090D5EB /* Assets.xcassets */,
				02F1928622155A9D0090D5EB /* Info.plist */,
				7E0D892422198A480051B7D9 /* alice29.txt */,
			);
			path = "xxHashDemo-tvOS";
			sourceTree = "<group>";
		};
		44A7C313F87E9A2E6BEA1032 /* Frameworks */ = {
			isa = PBXGroup;
			children = (
				8C69FBB30E41BD6F5B100B77 /* Pods_xxHashDemo_tvOS.framework */,
			);
			name = Frameworks;
			sourceTree = "<group>";
		};
		B601A9D99DB63056B9548B69 /* Pods */ = {
			isa = PBXGroup;
			children = (
				34215CDA5C845FD450DC5D50 /* Pods-xxHashDemo-tvOS.debug.xcconfig */,
				2478ABA18152CB43FE4BEE88 /* Pods-xxHashDemo-tvOS.release.xcconfig */,
			);
			path = Pods;
			sourceTree = "<group>";
		};
/* End PBXGroup section */

/* Begin PBXNativeTarget section */
		02F1927922155A980090D5EB /* xxHashDemo-tvOS */ = {
			isa = PBXNativeTarget;
			buildConfigurationList = 02F1929422155A9D0090D5EB /* Build configuration list for PBXNativeTarget "xxHashDemo-tvOS" */;
			buildPhases = (
				BFAFE573B79D73A78E6E41A6 /* [CP] Check Pods Manifest.lock */,
				02F1927622155A980090D5EB /* Sources */,
				02F1927722155A980090D5EB /* Frameworks */,
				02F1927822155A980090D5EB /* Resources */,
				D99D426F64FC8D71E957D23B /* [CP] Embed Pods Frameworks */,
			);
			buildRules = (
			);
			dependencies = (
			);
			name = "xxHashDemo-tvOS";
			productName = "xxHashDemo-tvOS";
			productReference = 02F1927A22155A980090D5EB /* xxHashDemo-tvOS.app */;
			productType = "com.apple.product-type.application";
		};
/* End PBXNativeTarget section */

/* Begin PBXProject section */
		02F1927222155A980090D5EB /* Project object */ = {
			isa = PBXProject;
			attributes = {
				LastSwiftUpdateCheck = 1010;
				LastUpgradeCheck = 1010;
				ORGANIZATIONNAME = "xxHashDemo-tvOS";
				TargetAttributes = {
					02F1927922155A980090D5EB = {
						CreatedOnToolsVersion = 10.1;
						LastSwiftMigration = 1020;
					};
				};
			};
			buildConfigurationList = 02F1927522155A980090D5EB /* Build configuration list for PBXProject "xxHashDemo-tvOS" */;
			compatibilityVersion = "Xcode 9.3";
			developmentRegion = en;
			hasScannedForEncodings = 0;
			knownRegions = (
				en,
				Base,
			);
			mainGroup = 02F1927122155A980090D5EB;
			productRefGroup = 02F1927B22155A980090D5EB /* Products */;
			projectDirPath = "";
			projectRoot = "";
			targets = (
				02F1927922155A980090D5EB /* xxHashDemo-tvOS */,
			);
		};
/* End PBXProject section */

/* Begin PBXResourcesBuildPhase section */
		02F1927822155A980090D5EB /* Resources */ = {
			isa = PBXResourcesBuildPhase;
			buildActionMask = 2147483647;
			files = (
				02F1928522155A9D0090D5EB /* Assets.xcassets in Resources */,
				7E0D892522198A480051B7D9 /* alice29.txt in Resources */,
				02F1928322155A980090D5EB /* Main.storyboard in Resources */,
			);
			runOnlyForDeploymentPostprocessing = 0;
		};
/* End PBXResourcesBuildPhase section */

/* Begin PBXShellScriptBuildPhase section */
		BFAFE573B79D73A78E6E41A6 /* [CP] Check Pods Manifest.lock */ = {
			isa = PBXShellScriptBuildPhase;
			buildActionMask = 2147483647;
			files = (
			);
			inputFileListPaths = (
			);
			inputPaths = (
				"${PODS_PODFILE_DIR_PATH}/Podfile.lock",
				"${PODS_ROOT}/Manifest.lock",
			);
			name = "[CP] Check Pods Manifest.lock";
			outputFileListPaths = (
			);
			outputPaths = (
				"$(DERIVED_FILE_DIR)/Pods-xxHashDemo-tvOS-checkManifestLockResult.txt",
			);
			runOnlyForDeploymentPostprocessing = 0;
			shellPath = /bin/sh;
			shellScript = "diff \"${PODS_PODFILE_DIR_PATH}/Podfile.lock\" \"${PODS_ROOT}/Manifest.lock\" > /dev/null\nif [ $? != 0 ] ; then\n    # print error to STDERR\n    echo \"error: The sandbox is not in sync with the Podfile.lock. Run 'pod install' or update your CocoaPods installation.\" >&2\n    exit 1\nfi\n# This output is used by Xcode 'outputs' to avoid re-running this script phase.\necho \"SUCCESS\" > \"${SCRIPT_OUTPUT_FILE_0}\"\n";
			showEnvVarsInLog = 0;
		};
		D99D426F64FC8D71E957D23B /* [CP] Embed Pods Frameworks */ = {
			isa = PBXShellScriptBuildPhase;
			buildActionMask = 2147483647;
			files = (
			);
			inputFileListPaths = (
			);
			inputPaths = (
				"${PODS_ROOT}/Target Support Files/Pods-xxHashDemo-tvOS/Pods-xxHashDemo-tvOS-frameworks.sh",
				"${BUILT_PRODUCTS_DIR}/xxHash-Swift/xxHash_Swift.framework",
			);
			name = "[CP] Embed Pods Frameworks";
			outputFileListPaths = (
			);
			outputPaths = (
				"${TARGET_BUILD_DIR}/${FRAMEWORKS_FOLDER_PATH}/xxHash_Swift.framework",
			);
			runOnlyForDeploymentPostprocessing = 0;
			shellPath = /bin/sh;
			shellScript = "\"${PODS_ROOT}/Target Support Files/Pods-xxHashDemo-tvOS/Pods-xxHashDemo-tvOS-frameworks.sh\"\n";
			showEnvVarsInLog = 0;
		};
/* End PBXShellScriptBuildPhase section */

/* Begin PBXSourcesBuildPhase section */
		02F1927622155A980090D5EB /* Sources */ = {
			isa = PBXSourcesBuildPhase;
			buildActionMask = 2147483647;
			files = (
				02F1928022155A980090D5EB /* ViewController.swift in Sources */,
				026E3436221BE881008A8531 /* Common.swift in Sources */,
				02F1927E22155A980090D5EB /* AppDelegate.swift in Sources */,
			);
			runOnlyForDeploymentPostprocessing = 0;
		};
/* End PBXSourcesBuildPhase section */

/* Begin PBXVariantGroup section */
		02F1928122155A980090D5EB /* Main.storyboard */ = {
			isa = PBXVariantGroup;
			children = (
				02F1928222155A980090D5EB /* Base */,
			);
			name = Main.storyboard;
			sourceTree = "<group>";
		};
/* End PBXVariantGroup section */

/* Begin XCBuildConfiguration section */
		02F1929222155A9D0090D5EB /* Debug */ = {
			isa = XCBuildConfiguration;
			buildSettings = {
				ALWAYS_SEARCH_USER_PATHS = NO;
				CLANG_ANALYZER_NONNULL = YES;
				CLANG_ANALYZER_NUMBER_OBJECT_CONVERSION = YES_AGGRESSIVE;
				CLANG_CXX_LANGUAGE_STANDARD = "gnu++14";
				CLANG_CXX_LIBRARY = "libc++";
				CLANG_ENABLE_MODULES = YES;
				CLANG_ENABLE_OBJC_ARC = YES;
				CLANG_ENABLE_OBJC_WEAK = YES;
				CLANG_WARN_BLOCK_CAPTURE_AUTORELEASING = YES;
				CLANG_WARN_BOOL_CONVERSION = YES;
				CLANG_WARN_COMMA = YES;
				CLANG_WARN_CONSTANT_CONVERSION = YES;
				CLANG_WARN_DEPRECATED_OBJC_IMPLEMENTATIONS = YES;
				CLANG_WARN_DIRECT_OBJC_ISA_USAGE = YES_ERROR;
				CLANG_WARN_DOCUMENTATION_COMMENTS = YES;
				CLANG_WARN_EMPTY_BODY = YES;
				CLANG_WARN_ENUM_CONVERSION = YES;
				CLANG_WARN_INFINITE_RECURSION = YES;
				CLANG_WARN_INT_CONVERSION = YES;
				CLANG_WARN_NON_LITERAL_NULL_CONVERSION = YES;
				CLANG_WARN_OBJC_IMPLICIT_RETAIN_SELF = YES;
				CLANG_WARN_OBJC_LITERAL_CONVERSION = YES;
				CLANG_WARN_OBJC_ROOT_CLASS = YES_ERROR;
				CLANG_WARN_RANGE_LOOP_ANALYSIS = YES;
				CLANG_WARN_STRICT_PROTOTYPES = YES;
				CLANG_WARN_SUSPICIOUS_MOVE = YES;
				CLANG_WARN_UNGUARDED_AVAILABILITY = YES_AGGRESSIVE;
				CLANG_WARN_UNREACHABLE_CODE = YES;
				CLANG_WARN__DUPLICATE_METHOD_MATCH = YES;
				COPY_PHASE_STRIP = NO;
				DEBUG_INFORMATION_FORMAT = dwarf;
				ENABLE_STRICT_OBJC_MSGSEND = YES;
				ENABLE_TESTABILITY = YES;
				GCC_C_LANGUAGE_STANDARD = gnu11;
				GCC_DYNAMIC_NO_PIC = NO;
				GCC_NO_COMMON_BLOCKS = YES;
				GCC_OPTIMIZATION_LEVEL = 0;
				GCC_PREPROCESSOR_DEFINITIONS = (
					"DEBUG=1",
					"$(inherited)",
				);
				GCC_WARN_64_TO_32_BIT_CONVERSION = YES;
				GCC_WARN_ABOUT_RETURN_TYPE = YES_ERROR;
				GCC_WARN_UNDECLARED_SELECTOR = YES;
				GCC_WARN_UNINITIALIZED_AUTOS = YES_AGGRESSIVE;
				GCC_WARN_UNUSED_FUNCTION = YES;
				GCC_WARN_UNUSED_VARIABLE = YES;
				MTL_ENABLE_DEBUG_INFO = INCLUDE_SOURCE;
				MTL_FAST_MATH = YES;
				ONLY_ACTIVE_ARCH = YES;
				SDKROOT = appletvos;
				SWIFT_ACTIVE_COMPILATION_CONDITIONS = DEBUG;
				SWIFT_OPTIMIZATION_LEVEL = "-Onone";
				TVOS_DEPLOYMENT_TARGET = 12.0;
			};
			name = Debug;
		};
		02F1929322155A9D0090D5EB /* Release */ = {
			isa = XCBuildConfiguration;
			buildSettings = {
				ALWAYS_SEARCH_USER_PATHS = NO;
				CLANG_ANALYZER_NONNULL = YES;
				CLANG_ANALYZER_NUMBER_OBJECT_CONVERSION = YES_AGGRESSIVE;
				CLANG_CXX_LANGUAGE_STANDARD = "gnu++14";
				CLANG_CXX_LIBRARY = "libc++";
				CLANG_ENABLE_MODULES = YES;
				CLANG_ENABLE_OBJC_ARC = YES;
				CLANG_ENABLE_OBJC_WEAK = YES;
				CLANG_WARN_BLOCK_CAPTURE_AUTORELEASING = YES;
				CLANG_WARN_BOOL_CONVERSION = YES;
				CLANG_WARN_COMMA = YES;
				CLANG_WARN_CONSTANT_CONVERSION = YES;
				CLANG_WARN_DEPRECATED_OBJC_IMPLEMENTATIONS = YES;
				CLANG_WARN_DIRECT_OBJC_ISA_USAGE = YES_ERROR;
				CLANG_WARN_DOCUMENTATION_COMMENTS = YES;
				CLANG_WARN_EMPTY_BODY = YES;
				CLANG_WARN_ENUM_CONVERSION = YES;
				CLANG_WARN_INFINITE_RECURSION = YES;
				CLANG_WARN_INT_CONVERSION = YES;
				CLANG_WARN_NON_LITERAL_NULL_CONVERSION = YES;
				CLANG_WARN_OBJC_IMPLICIT_RETAIN_SELF = YES;
				CLANG_WARN_OBJC_LITERAL_CONVERSION = YES;
				CLANG_WARN_OBJC_ROOT_CLASS = YES_ERROR;
				CLANG_WARN_RANGE_LOOP_ANALYSIS = YES;
				CLANG_WARN_STRICT_PROTOTYPES = YES;
				CLANG_WARN_SUSPICIOUS_MOVE = YES;
				CLANG_WARN_UNGUARDED_AVAILABILITY = YES_AGGRESSIVE;
				CLANG_WARN_UNREACHABLE_CODE = YES;
				CLANG_WARN__DUPLICATE_METHOD_MATCH = YES;
				COPY_PHASE_STRIP = NO;
				DEBUG_INFORMATION_FORMAT = "dwarf-with-dsym";
				ENABLE_NS_ASSERTIONS = NO;
				ENABLE_STRICT_OBJC_MSGSEND = YES;
				GCC_C_LANGUAGE_STANDARD = gnu11;
				GCC_NO_COMMON_BLOCKS = YES;
				GCC_WARN_64_TO_32_BIT_CONVERSION = YES;
				GCC_WARN_ABOUT_RETURN_TYPE = YES_ERROR;
				GCC_WARN_UNDECLARED_SELECTOR = YES;
				GCC_WARN_UNINITIALIZED_AUTOS = YES_AGGRESSIVE;
				GCC_WARN_UNUSED_FUNCTION = YES;
				GCC_WARN_UNUSED_VARIABLE = YES;
				MTL_ENABLE_DEBUG_INFO = NO;
				MTL_FAST_MATH = YES;
				SDKROOT = appletvos;
				SWIFT_COMPILATION_MODE = wholemodule;
				SWIFT_OPTIMIZATION_LEVEL = "-O";
				TVOS_DEPLOYMENT_TARGET = 12.0;
				VALIDATE_PRODUCT = YES;
			};
			name = Release;
		};
		02F1929522155A9D0090D5EB /* Debug */ = {
			isa = XCBuildConfiguration;
			baseConfigurationReference = 34215CDA5C845FD450DC5D50 /* Pods-xxHashDemo-tvOS.debug.xcconfig */;
			buildSettings = {
				ASSETCATALOG_COMPILER_APPICON_NAME = "App Icon & Top Shelf Image";
				ASSETCATALOG_COMPILER_LAUNCHIMAGE_NAME = LaunchImage;
				CODE_SIGN_STYLE = Automatic;
				INFOPLIST_FILE = "xxHashDemo-tvOS/Info.plist";
				LD_RUNPATH_SEARCH_PATHS = (
					"$(inherited)",
					"@executable_path/Frameworks",
				);
				PRODUCT_BUNDLE_IDENTIFIER = "com.xxHashDemo-tvOS.xxHashDemo-tvOS";
				PRODUCT_NAME = "$(TARGET_NAME)";
				SWIFT_VERSION = 5.0;
				TARGETED_DEVICE_FAMILY = 3;
			};
			name = Debug;
		};
		02F1929622155A9D0090D5EB /* Release */ = {
			isa = XCBuildConfiguration;
			baseConfigurationReference = 2478ABA18152CB43FE4BEE88 /* Pods-xxHashDemo-tvOS.release.xcconfig */;
			buildSettings = {
				ASSETCATALOG_COMPILER_APPICON_NAME = "App Icon & Top Shelf Image";
				ASSETCATALOG_COMPILER_LAUNCHIMAGE_NAME = LaunchImage;
				CODE_SIGN_STYLE = Automatic;
				INFOPLIST_FILE = "xxHashDemo-tvOS/Info.plist";
				LD_RUNPATH_SEARCH_PATHS = (
					"$(inherited)",
					"@executable_path/Frameworks",
				);
				PRODUCT_BUNDLE_IDENTIFIER = "com.xxHashDemo-tvOS.xxHashDemo-tvOS";
				PRODUCT_NAME = "$(TARGET_NAME)";
				SWIFT_VERSION = 5.0;
				TARGETED_DEVICE_FAMILY = 3;
			};
			name = Release;
		};
/* End XCBuildConfiguration section */

/* Begin XCConfigurationList section */
		02F1927522155A980090D5EB /* Build configuration list for PBXProject "xxHashDemo-tvOS" */ = {
			isa = XCConfigurationList;
			buildConfigurations = (
				02F1929222155A9D0090D5EB /* Debug */,
				02F1929322155A9D0090D5EB /* Release */,
			);
			defaultConfigurationIsVisible = 0;
			defaultConfigurationName = Release;
		};
		02F1929422155A9D0090D5EB /* Build configuration list for PBXNativeTarget "xxHashDemo-tvOS" */ = {
			isa = XCConfigurationList;
			buildConfigurations = (
				02F1929522155A9D0090D5EB /* Debug */,
				02F1929622155A9D0090D5EB /* Release */,
			);
			defaultConfigurationIsVisible = 0;
			defaultConfigurationName = Release;
		};
/* End XCConfigurationList section */
	};
	rootObject = 02F1927222155A980090D5EB /* Project object */;
}
